# THIS IS AN AUTOGENERATED FILE. DO NOT EDIT THIS FILE DIRECTLY.
# yarn lockfile v1


"@types/mocha@^2.2.40":
  version "2.2.40"
  resolved "https://registry.yarnpkg.com/@types/mocha/-/mocha-2.2.40.tgz#9811dd800ece544cd84b5b859917bf584a150c4c"

"@types/node@^7.0.10":
  version "7.0.10"
  resolved "https://registry.yarnpkg.com/@types/node/-/node-7.0.10.tgz#d860abb18c1b58b552c7c6cd8b2ba7adf6546fa3"

acorn@^4.0.1:
  version "4.0.4"
  resolved "https://registry.yarnpkg.com/acorn/-/acorn-4.0.4.tgz#17a8d6a7a6c4ef538b814ec9abac2779293bf30a"

ansi-align@^1.1.0:
  version "1.1.0"
  resolved "https://registry.yarnpkg.com/ansi-align/-/ansi-align-1.1.0.tgz#2f0c1658829739add5ebb15e6b0c6e3423f016ba"
  dependencies:
    string-width "^1.0.1"

ansi-regex@^2.0.0:
  version "2.1.1"
  resolved "https://registry.yarnpkg.com/ansi-regex/-/ansi-regex-2.1.1.tgz#c3b33ab5ee360d86e0e628f0468ae7ef27d654df"

ansi-styles@^2.2.1:
  version "2.2.1"
  resolved "https://registry.yarnpkg.com/ansi-styles/-/ansi-styles-2.2.1.tgz#b432dd3358b634cf75e1e4664368240533c1ddbe"

arr-diff@^2.0.0:
  version "2.0.0"
  resolved "https://registry.yarnpkg.com/arr-diff/-/arr-diff-2.0.0.tgz#8f3b827f955a8bd669697e4a4256ac3ceae356cf"
  dependencies:
    arr-flatten "^1.0.1"

arr-flatten@^1.0.1:
  version "1.0.1"
  resolved "https://registry.yarnpkg.com/arr-flatten/-/arr-flatten-1.0.1.tgz#e5ffe54d45e19f32f216e91eb99c8ce892bb604b"

array-unique@^0.2.1:
  version "0.2.1"
  resolved "https://registry.yarnpkg.com/array-unique/-/array-unique-0.2.1.tgz#a1d97ccafcbc2625cc70fadceb36a50c58b01a53"

assertion-error@^1.0.1:
  version "1.0.2"
  resolved "https://registry.yarnpkg.com/assertion-error/-/assertion-error-1.0.2.tgz#13ca515d86206da0bac66e834dd397d87581094c"

babel-code-frame@^6.20.0:
  version "6.22.0"
  resolved "https://registry.yarnpkg.com/babel-code-frame/-/babel-code-frame-6.22.0.tgz#027620bee567a88c32561574e7fd0801d33118e4"
  dependencies:
    chalk "^1.1.0"
    esutils "^2.0.2"
    js-tokens "^3.0.0"

balanced-match@^0.4.1:
  version "0.4.2"
  resolved "https://registry.yarnpkg.com/balanced-match/-/balanced-match-0.4.2.tgz#cb3f3e3c732dc0f01ee70b403f302e61d7709838"

boxen@^1.0.0:
  version "1.0.0"
  resolved "https://registry.yarnpkg.com/boxen/-/boxen-1.0.0.tgz#b2694baf1f605f708ff0177c12193b22f29aaaab"
  dependencies:
    ansi-align "^1.1.0"
    camelcase "^4.0.0"
    chalk "^1.1.1"
    cli-boxes "^1.0.0"
    string-width "^2.0.0"
    term-size "^0.1.0"
    widest-line "^1.0.0"

brace-expansion@^1.0.0:
  version "1.1.6"
  resolved "https://registry.yarnpkg.com/brace-expansion/-/brace-expansion-1.1.6.tgz#7197d7eaa9b87e648390ea61fc66c84427420df9"
  dependencies:
    balanced-match "^0.4.1"
    concat-map "0.0.1"

braces@^1.8.2:
  version "1.8.5"
  resolved "https://registry.yarnpkg.com/braces/-/braces-1.8.5.tgz#ba77962e12dff969d6b76711e914b737857bf6a7"
  dependencies:
    expand-range "^1.8.1"
    preserve "^0.2.0"
    repeat-element "^1.1.2"

browser-resolve@^1.11.0:
  version "1.11.2"
  resolved "https://registry.yarnpkg.com/browser-resolve/-/browser-resolve-1.11.2.tgz#8ff09b0a2c421718a1051c260b32e48f442938ce"
  dependencies:
    resolve "1.1.7"

builtin-modules@^1.1.0:
  version "1.1.1"
  resolved "https://registry.yarnpkg.com/builtin-modules/-/builtin-modules-1.1.1.tgz#270f076c5a72c02f5b65a47df94c5fe3a278892f"

camelcase@^4.0.0:
  version "4.0.0"
  resolved "https://registry.yarnpkg.com/camelcase/-/camelcase-4.0.0.tgz#8b0f90d44be5e281b903b9887349b92595ef07f2"

can-symlink@^1.0.0:
  version "1.0.0"
  resolved "https://registry.yarnpkg.com/can-symlink/-/can-symlink-1.0.0.tgz#97b607d8a84bb6c6e228b902d864ecb594b9d219"
  dependencies:
    tmp "0.0.28"

capture-stack-trace@^1.0.0:
  version "1.0.0"
  resolved "https://registry.yarnpkg.com/capture-stack-trace/-/capture-stack-trace-1.0.0.tgz#4a6fa07399c26bba47f0b2496b4d0fb408c5550d"

chai-files@^1.4.0:
  version "1.4.0"
  resolved "https://registry.yarnpkg.com/chai-files/-/chai-files-1.4.0.tgz#0e25610fadc551b1eae79c2f4ee79faf2f842296"
  dependencies:
    assertion-error "^1.0.1"

chai@^3.4.0:
  version "3.5.0"
  resolved "https://registry.yarnpkg.com/chai/-/chai-3.5.0.tgz#4d02637b067fe958bdbfdd3a40ec56fef7373247"
  dependencies:
    assertion-error "^1.0.1"
    deep-eql "^0.1.3"
    type-detect "^1.0.0"

chalk@^1.0.0, chalk@^1.1.0, chalk@^1.1.1:
  version "1.1.3"
  resolved "https://registry.yarnpkg.com/chalk/-/chalk-1.1.3.tgz#a8115c55e4a702fe4d150abd3872822a7e09fc98"
  dependencies:
    ansi-styles "^2.2.1"
    escape-string-regexp "^1.0.2"
    has-ansi "^2.0.0"
    strip-ansi "^3.0.0"
    supports-color "^2.0.0"

cli-boxes@^1.0.0:
  version "1.0.0"
  resolved "https://registry.yarnpkg.com/cli-boxes/-/cli-boxes-1.0.0.tgz#4fa917c3e59c94a004cd61f8ee509da651687143"

code-point-at@^1.0.0:
  version "1.1.0"
  resolved "https://registry.yarnpkg.com/code-point-at/-/code-point-at-1.1.0.tgz#0d070b4d043a5bea33a2f1a40e2edb3d9a4ccf77"

colors@^1.1.2:
  version "1.1.2"
  resolved "https://registry.yarnpkg.com/colors/-/colors-1.1.2.tgz#168a4701756b6a7f51a12ce0c97bfa28c084ed63"

commander@0.6.1:
  version "0.6.1"
  resolved "https://registry.yarnpkg.com/commander/-/commander-0.6.1.tgz#fa68a14f6a945d54dbbe50d8cdb3320e9e3b1a06"

commander@2.3.0:
  version "2.3.0"
  resolved "https://registry.yarnpkg.com/commander/-/commander-2.3.0.tgz#fd430e889832ec353b9acd1de217c11cb3eef873"

compare-versions@2.0.1:
  version "2.0.1"
  resolved "https://registry.yarnpkg.com/compare-versions/-/compare-versions-2.0.1.tgz#1edc1f93687fd97a325c59f55e45a07db106aca6"

concat-map@0.0.1:
  version "0.0.1"
  resolved "https://registry.yarnpkg.com/concat-map/-/concat-map-0.0.1.tgz#d8a96bd77fd68df7793a73036a3ba0d5405d477b"

configstore@^3.0.0:
  version "3.0.0"
  resolved "https://registry.yarnpkg.com/configstore/-/configstore-3.0.0.tgz#e1b8669c1803ccc50b545e92f8e6e79aa80e0196"
  dependencies:
    dot-prop "^4.1.0"
    graceful-fs "^4.1.2"
    mkdirp "^0.5.0"
    unique-string "^1.0.0"
    write-file-atomic "^1.1.2"
    xdg-basedir "^3.0.0"

create-error-class@^3.0.0:
  version "3.0.2"
  resolved "https://registry.yarnpkg.com/create-error-class/-/create-error-class-3.0.2.tgz#06be7abef947a3f14a30fd610671d401bca8b7b6"
  dependencies:
    capture-stack-trace "^1.0.0"

cross-spawn-async@^2.1.1:
  version "2.2.5"
  resolved "https://registry.yarnpkg.com/cross-spawn-async/-/cross-spawn-async-2.2.5.tgz#845ff0c0834a3ded9d160daca6d390906bb288cc"
  dependencies:
    lru-cache "^4.0.0"
    which "^1.2.8"

crypto-random-string@^1.0.0:
  version "1.0.0"
  resolved "https://registry.yarnpkg.com/crypto-random-string/-/crypto-random-string-1.0.0.tgz#a230f64f568310e1498009940790ec99545bca7e"

debug@2.2.0:
  version "2.2.0"
  resolved "https://registry.yarnpkg.com/debug/-/debug-2.2.0.tgz#f87057e995b1a1f6ae6a4960664137bc56f039da"
  dependencies:
    ms "0.7.1"

debug@^2.2.0:
  version "2.6.3"
  resolved "https://registry.yarnpkg.com/debug/-/debug-2.6.3.tgz#0f7eb8c30965ec08c72accfa0130c8b79984141d"
  dependencies:
    ms "0.7.2"

deep-eql@^0.1.3:
  version "0.1.3"
  resolved "https://registry.yarnpkg.com/deep-eql/-/deep-eql-0.1.3.tgz#ef558acab8de25206cd713906d74e56930eb69f2"
  dependencies:
    type-detect "0.1.1"

deep-extend@~0.4.0:
  version "0.4.1"
  resolved "https://registry.yarnpkg.com/deep-extend/-/deep-extend-0.4.1.tgz#efe4113d08085f4e6f9687759810f807469e2253"

diff@1.4.0:
  version "1.4.0"
  resolved "https://registry.yarnpkg.com/diff/-/diff-1.4.0.tgz#7f28d2eb9ee7b15a97efd89ce63dcfdaa3ccbabf"

diff@^3.0.1:
  version "3.2.0"
  resolved "https://registry.yarnpkg.com/diff/-/diff-3.2.0.tgz#c9ce393a4b7cbd0b058a725c93df299027868ff9"

dot-prop@^4.1.0:
  version "4.1.1"
  resolved "https://registry.yarnpkg.com/dot-prop/-/dot-prop-4.1.1.tgz#a8493f0b7b5eeec82525b5c7587fa7de7ca859c1"
  dependencies:
    is-obj "^1.0.0"

duplexer3@^0.1.4:
  version "0.1.4"
  resolved "https://registry.yarnpkg.com/duplexer3/-/duplexer3-0.1.4.tgz#ee01dd1cac0ed3cbc7fdbea37dc0a8f1ce002ce2"

escape-string-regexp@1.0.2, escape-string-regexp@^1.0.2:
  version "1.0.2"
  resolved "https://registry.yarnpkg.com/escape-string-regexp/-/escape-string-regexp-1.0.2.tgz#4dbc2fe674e71949caf3fb2695ce7f2dc1d9a8d1"

estree-walker@^0.2.1:
  version "0.2.1"
  resolved "https://registry.yarnpkg.com/estree-walker/-/estree-walker-0.2.1.tgz#bdafe8095383d8414d5dc2ecf4c9173b6db9412e"

estree-walker@^0.3.0:
  version "0.3.1"
  resolved "https://registry.yarnpkg.com/estree-walker/-/estree-walker-0.3.1.tgz#e6b1a51cf7292524e7237c312e5fe6660c1ce1aa"

esutils@^2.0.2:
  version "2.0.2"
  resolved "https://registry.yarnpkg.com/esutils/-/esutils-2.0.2.tgz#0abf4f1caa5bcb1f7a9d8acc6dea4faaa04bac9b"

execa@^0.4.0:
  version "0.4.0"
  resolved "https://registry.yarnpkg.com/execa/-/execa-0.4.0.tgz#4eb6467a36a095fabb2970ff9d5e3fb7bce6ebc3"
  dependencies:
    cross-spawn-async "^2.1.1"
    is-stream "^1.1.0"
    npm-run-path "^1.0.0"
    object-assign "^4.0.1"
    path-key "^1.0.0"
    strip-eof "^1.0.0"

expand-brackets@^0.1.4:
  version "0.1.5"
  resolved "https://registry.yarnpkg.com/expand-brackets/-/expand-brackets-0.1.5.tgz#df07284e342a807cd733ac5af72411e581d1177b"
  dependencies:
    is-posix-bracket "^0.1.0"

expand-range@^1.8.1:
  version "1.8.2"
  resolved "https://registry.yarnpkg.com/expand-range/-/expand-range-1.8.2.tgz#a299effd335fe2721ebae8e257ec79644fc85337"
  dependencies:
    fill-range "^2.1.0"

extglob@^0.3.1:
  version "0.3.2"
  resolved "https://registry.yarnpkg.com/extglob/-/extglob-0.3.2.tgz#2e18ff3d2f49ab2765cec9023f011daa8d8349a1"
  dependencies:
    is-extglob "^1.0.0"

filename-regex@^2.0.0:
  version "2.0.0"
  resolved "https://registry.yarnpkg.com/filename-regex/-/filename-regex-2.0.0.tgz#996e3e80479b98b9897f15a8a58b3d084e926775"

fill-range@^2.1.0:
  version "2.2.3"
  resolved "https://registry.yarnpkg.com/fill-range/-/fill-range-2.2.3.tgz#50b77dfd7e469bc7492470963699fe7a8485a723"
  dependencies:
    is-number "^2.1.0"
    isobject "^2.0.0"
    randomatic "^1.1.3"
    repeat-element "^1.1.2"
    repeat-string "^1.5.2"

findup-sync@~0.3.0:
  version "0.3.0"
  resolved "https://registry.yarnpkg.com/findup-sync/-/findup-sync-0.3.0.tgz#37930aa5d816b777c03445e1966cc6790a4c0b16"
  dependencies:
    glob "~5.0.0"

fixturify@^0.3.1:
  version "0.3.3"
  resolved "https://registry.yarnpkg.com/fixturify/-/fixturify-0.3.3.tgz#842eaa120564c9881e099ed06dc082a81e97fa71"
  dependencies:
    fs-extra "^0.30.0"

for-in@^1.0.1:
  version "1.0.2"
  resolved "https://registry.yarnpkg.com/for-in/-/for-in-1.0.2.tgz#81068d295a8142ec0ac726c6e2200c30fb6d5e80"

for-own@^0.1.4:
  version "0.1.5"
  resolved "https://registry.yarnpkg.com/for-own/-/for-own-0.1.5.tgz#5265c681a4f294dabbf17c9509b6763aa84510ce"
  dependencies:
    for-in "^1.0.1"

fs-extra@^0.30.0:
  version "0.30.0"
  resolved "https://registry.yarnpkg.com/fs-extra/-/fs-extra-0.30.0.tgz#f233ffcc08d4da7d432daa449776989db1df93f0"
  dependencies:
    graceful-fs "^4.1.2"
    jsonfile "^2.1.0"
    klaw "^1.0.0"
    path-is-absolute "^1.0.0"
    rimraf "^2.2.8"

fs-extra@^1.0.0:
  version "1.0.0"
  resolved "https://registry.yarnpkg.com/fs-extra/-/fs-extra-1.0.0.tgz#cd3ce5f7e7cb6145883fcae3191e9877f8587950"
  dependencies:
    graceful-fs "^4.1.2"
    jsonfile "^2.1.0"
    klaw "^1.0.0"

fs-tree-diff@^0.5.4:
  version "0.5.6"
  resolved "https://registry.yarnpkg.com/fs-tree-diff/-/fs-tree-diff-0.5.6.tgz#342665749e8dca406800b672268c8f5073f3e623"
  dependencies:
    heimdalljs-logger "^0.1.7"
    object-assign "^4.1.0"
    path-posix "^1.0.0"
    symlink-or-copy "^1.1.8"

fs.realpath@^1.0.0:
  version "1.0.0"
  resolved "https://registry.yarnpkg.com/fs.realpath/-/fs.realpath-1.0.0.tgz#1504ad2523158caa40db4a2787cb01411994ea4f"

get-stream@^3.0.0:
  version "3.0.0"
  resolved "https://registry.yarnpkg.com/get-stream/-/get-stream-3.0.0.tgz#8e943d1358dc37555054ecbe2edb05aa174ede14"

glob-base@^0.3.0:
  version "0.3.0"
  resolved "https://registry.yarnpkg.com/glob-base/-/glob-base-0.3.0.tgz#dbb164f6221b1c0b1ccf82aea328b497df0ea3c4"
  dependencies:
    glob-parent "^2.0.0"
    is-glob "^2.0.0"

glob-parent@^2.0.0:
  version "2.0.0"
  resolved "https://registry.yarnpkg.com/glob-parent/-/glob-parent-2.0.0.tgz#81383d72db054fcccf5336daa902f182f6edbb28"
  dependencies:
    is-glob "^2.0.0"

glob@3.2.11:
  version "3.2.11"
  resolved "https://registry.yarnpkg.com/glob/-/glob-3.2.11.tgz#4a973f635b9190f715d10987d5c00fd2815ebe3d"
  dependencies:
    inherits "2"
    minimatch "0.3"

glob@^7.0.5, glob@^7.1.1:
  version "7.1.1"
  resolved "https://registry.yarnpkg.com/glob/-/glob-7.1.1.tgz#805211df04faaf1c63a3600306cdf5ade50b2ec8"
  dependencies:
    fs.realpath "^1.0.0"
    inflight "^1.0.4"
    inherits "2"
    minimatch "^3.0.2"
    once "^1.3.0"
    path-is-absolute "^1.0.0"

glob@~5.0.0:
  version "5.0.15"
  resolved "https://registry.yarnpkg.com/glob/-/glob-5.0.15.tgz#1bc936b9e02f4a603fcc222ecf7633d30b8b93b1"
  dependencies:
    inflight "^1.0.4"
    inherits "2"
    minimatch "2 || 3"
    once "^1.3.0"
    path-is-absolute "^1.0.0"

got@^6.7.1:
  version "6.7.1"
  resolved "https://registry.yarnpkg.com/got/-/got-6.7.1.tgz#240cd05785a9a18e561dc1b44b41c763ef1e8db0"
  dependencies:
    create-error-class "^3.0.0"
    duplexer3 "^0.1.4"
    get-stream "^3.0.0"
    is-redirect "^1.0.0"
    is-retry-allowed "^1.0.0"
    is-stream "^1.0.0"
    lowercase-keys "^1.0.0"
    safe-buffer "^5.0.1"
    timed-out "^4.0.0"
    unzip-response "^2.0.1"
    url-parse-lax "^1.0.0"

graceful-fs@^4.1.11, graceful-fs@^4.1.2, graceful-fs@^4.1.6, graceful-fs@^4.1.9:
  version "4.1.11"
  resolved "https://registry.yarnpkg.com/graceful-fs/-/graceful-fs-4.1.11.tgz#0e8bdfe4d1ddb8854d64e04ea7c00e2a026e5658"

growl@1.9.2:
  version "1.9.2"
  resolved "https://registry.yarnpkg.com/growl/-/growl-1.9.2.tgz#0ea7743715db8d8de2c5ede1775e1b45ac85c02f"

has-ansi@^2.0.0:
  version "2.0.0"
  resolved "https://registry.yarnpkg.com/has-ansi/-/has-ansi-2.0.0.tgz#34f5049ce1ecdf2b0649af3ef24e45ed35416d91"
  dependencies:
    ansi-regex "^2.0.0"

heimdalljs-logger@^0.1.7:
  version "0.1.8"
  resolved "https://registry.yarnpkg.com/heimdalljs-logger/-/heimdalljs-logger-0.1.8.tgz#82abb55e53eefc0e5654ddf521b82926e50fcd95"
  dependencies:
    debug "^2.2.0"
    heimdalljs "^0.2.0"

heimdalljs@^0.2.0, heimdalljs@^0.2.1:
  version "0.2.3"
  resolved "https://registry.yarnpkg.com/heimdalljs/-/heimdalljs-0.2.3.tgz#35b82a6a4d73541fc4fb88d2fe2b23608fb4f779"
  dependencies:
    rsvp "~3.2.1"

imurmurhash@^0.1.4:
  version "0.1.4"
  resolved "https://registry.yarnpkg.com/imurmurhash/-/imurmurhash-0.1.4.tgz#9218b9b2b928a238b13dc4fb6b6d576f231453ea"

inflight@^1.0.4:
  version "1.0.6"
  resolved "https://registry.yarnpkg.com/inflight/-/inflight-1.0.6.tgz#49bd6331d7d02d0c09bc910a1075ba8165b56df9"
  dependencies:
    once "^1.3.0"
    wrappy "1"

inherits@2:
  version "2.0.3"
  resolved "https://registry.yarnpkg.com/inherits/-/inherits-2.0.3.tgz#633c2c83e3da42a502f52466022480f4208261de"

ini@~1.3.0:
  version "1.3.4"
  resolved "https://registry.yarnpkg.com/ini/-/ini-1.3.4.tgz#0537cb79daf59b59a1a517dff706c86ec039162e"

is-buffer@^1.0.2:
  version "1.1.5"
  resolved "https://registry.yarnpkg.com/is-buffer/-/is-buffer-1.1.5.tgz#1f3b26ef613b214b88cbca23cc6c01d87961eecc"

is-dotfile@^1.0.0:
  version "1.0.2"
  resolved "https://registry.yarnpkg.com/is-dotfile/-/is-dotfile-1.0.2.tgz#2c132383f39199f8edc268ca01b9b007d205cc4d"

is-equal-shallow@^0.1.3:
  version "0.1.3"
  resolved "https://registry.yarnpkg.com/is-equal-shallow/-/is-equal-shallow-0.1.3.tgz#2238098fc221de0bcfa5d9eac4c45d638aa1c534"
  dependencies:
    is-primitive "^2.0.0"

is-extendable@^0.1.1:
  version "0.1.1"
  resolved "https://registry.yarnpkg.com/is-extendable/-/is-extendable-0.1.1.tgz#62b110e289a471418e3ec36a617d472e301dfc89"

is-extglob@^1.0.0:
  version "1.0.0"
  resolved "https://registry.yarnpkg.com/is-extglob/-/is-extglob-1.0.0.tgz#ac468177c4943405a092fc8f29760c6ffc6206c0"

is-fullwidth-code-point@^1.0.0:
  version "1.0.0"
  resolved "https://registry.yarnpkg.com/is-fullwidth-code-point/-/is-fullwidth-code-point-1.0.0.tgz#ef9e31386f031a7f0d643af82fde50c457ef00cb"
  dependencies:
    number-is-nan "^1.0.0"

is-fullwidth-code-point@^2.0.0:
  version "2.0.0"
  resolved "https://registry.yarnpkg.com/is-fullwidth-code-point/-/is-fullwidth-code-point-2.0.0.tgz#a3b30a5c4f199183167aaab93beefae3ddfb654f"

is-glob@^2.0.0, is-glob@^2.0.1:
  version "2.0.1"
  resolved "https://registry.yarnpkg.com/is-glob/-/is-glob-2.0.1.tgz#d096f926a3ded5600f3fdfd91198cb0888c2d863"
  dependencies:
    is-extglob "^1.0.0"

is-npm@^1.0.0:
  version "1.0.0"
  resolved "https://registry.yarnpkg.com/is-npm/-/is-npm-1.0.0.tgz#f2fb63a65e4905b406c86072765a1a4dc793b9f4"

is-number@^2.0.2, is-number@^2.1.0:
  version "2.1.0"
  resolved "https://registry.yarnpkg.com/is-number/-/is-number-2.1.0.tgz#01fcbbb393463a548f2f466cce16dece49db908f"
  dependencies:
    kind-of "^3.0.2"

is-obj@^1.0.0:
  version "1.0.1"
  resolved "https://registry.yarnpkg.com/is-obj/-/is-obj-1.0.1.tgz#3e4729ac1f5fde025cd7d83a896dab9f4f67db0f"

is-posix-bracket@^0.1.0:
  version "0.1.1"
  resolved "https://registry.yarnpkg.com/is-posix-bracket/-/is-posix-bracket-0.1.1.tgz#3334dc79774368e92f016e6fbc0a88f5cd6e6bc4"

is-primitive@^2.0.0:
  version "2.0.0"
  resolved "https://registry.yarnpkg.com/is-primitive/-/is-primitive-2.0.0.tgz#207bab91638499c07b2adf240a41a87210034575"

is-redirect@^1.0.0:
  version "1.0.0"
  resolved "https://registry.yarnpkg.com/is-redirect/-/is-redirect-1.0.0.tgz#1d03dded53bd8db0f30c26e4f95d36fc7c87dc24"

is-retry-allowed@^1.0.0:
  version "1.1.0"
  resolved "https://registry.yarnpkg.com/is-retry-allowed/-/is-retry-allowed-1.1.0.tgz#11a060568b67339444033d0125a61a20d564fb34"

is-stream@^1.0.0, is-stream@^1.1.0:
  version "1.1.0"
  resolved "https://registry.yarnpkg.com/is-stream/-/is-stream-1.1.0.tgz#12d4a3dd4e68e0b79ceb8dbc84173ae80d91ca44"

isarray@1.0.0:
  version "1.0.0"
  resolved "https://registry.yarnpkg.com/isarray/-/isarray-1.0.0.tgz#bb935d48582cba168c06834957a54a3e07124f11"

isexe@^1.1.1:
  version "1.1.2"
  resolved "https://registry.yarnpkg.com/isexe/-/isexe-1.1.2.tgz#36f3e22e60750920f5e7241a476a8c6a42275ad0"

isobject@^2.0.0:
  version "2.1.0"
  resolved "https://registry.yarnpkg.com/isobject/-/isobject-2.1.0.tgz#f065561096a3f1da2ef46272f815c840d87e0c89"
  dependencies:
    isarray "1.0.0"

jade@0.26.3:
  version "0.26.3"
  resolved "https://registry.yarnpkg.com/jade/-/jade-0.26.3.tgz#8f10d7977d8d79f2f6ff862a81b0513ccb25686c"
  dependencies:
    commander "0.6.1"
    mkdirp "0.3.0"

js-tokens@^3.0.0:
  version "3.0.1"
  resolved "https://registry.yarnpkg.com/js-tokens/-/js-tokens-3.0.1.tgz#08e9f132484a2c45a30907e9dc4d5567b7f114d7"

jsonfile@^2.1.0:
  version "2.4.0"
  resolved "https://registry.yarnpkg.com/jsonfile/-/jsonfile-2.4.0.tgz#3736a2b428b87bbda0cc83b53fa3d633a35c2ae8"
  optionalDependencies:
    graceful-fs "^4.1.6"

kind-of@^3.0.2:
  version "3.1.0"
  resolved "https://registry.yarnpkg.com/kind-of/-/kind-of-3.1.0.tgz#475d698a5e49ff5e53d14e3e732429dc8bf4cf47"
  dependencies:
    is-buffer "^1.0.2"

klaw@^1.0.0:
  version "1.3.1"
  resolved "https://registry.yarnpkg.com/klaw/-/klaw-1.3.1.tgz#4088433b46b3b1ba259d78785d8e96f73ba02439"
  optionalDependencies:
    graceful-fs "^4.1.9"

latest-version@^3.0.0:
  version "3.0.0"
  resolved "https://registry.yarnpkg.com/latest-version/-/latest-version-3.0.0.tgz#3104f008c0c391084107f85a344bc61e38970649"
  dependencies:
    package-json "^3.0.0"

lazy-req@^2.0.0:
  version "2.0.0"
  resolved "https://registry.yarnpkg.com/lazy-req/-/lazy-req-2.0.0.tgz#c9450a363ecdda2e6f0c70132ad4f37f8f06f2b4"

lowercase-keys@^1.0.0:
  version "1.0.0"
  resolved "https://registry.yarnpkg.com/lowercase-keys/-/lowercase-keys-1.0.0.tgz#4e3366b39e7f5457e35f1324bdf6f88d0bfc7306"

lru-cache@2:
  version "2.7.3"
  resolved "https://registry.yarnpkg.com/lru-cache/-/lru-cache-2.7.3.tgz#6d4524e8b955f95d4f5b58851ce21dd72fb4e952"

lru-cache@^4.0.0:
  version "4.0.2"
  resolved "https://registry.yarnpkg.com/lru-cache/-/lru-cache-4.0.2.tgz#1d17679c069cda5d040991a09dbc2c0db377e55e"
  dependencies:
    pseudomap "^1.0.1"
    yallist "^2.0.0"

magic-string@^0.19.0:
  version "0.19.0"
  resolved "https://registry.yarnpkg.com/magic-string/-/magic-string-0.19.0.tgz#198948217254e3e0b93080e01146b7c73b2a06b2"
  dependencies:
    vlq "^0.2.1"

micromatch@^2.3.11:
  version "2.3.11"
  resolved "https://registry.yarnpkg.com/micromatch/-/micromatch-2.3.11.tgz#86677c97d1720b363431d04d0d15293bd38c1565"
  dependencies:
    arr-diff "^2.0.0"
    array-unique "^0.2.1"
    braces "^1.8.2"
    expand-brackets "^0.1.4"
    extglob "^0.3.1"
    filename-regex "^2.0.0"
    is-extglob "^1.0.0"
    is-glob "^2.0.1"
    kind-of "^3.0.2"
    normalize-path "^2.0.1"
    object.omit "^2.0.0"
    parse-glob "^3.0.4"
    regex-cache "^0.4.2"

minimatch@0.3:
  version "0.3.0"
  resolved "https://registry.yarnpkg.com/minimatch/-/minimatch-0.3.0.tgz#275d8edaac4f1bb3326472089e7949c8394699dd"
  dependencies:
    lru-cache "2"
    sigmund "~1.0.0"

"minimatch@2 || 3", minimatch@^3.0.2:
  version "3.0.3"
  resolved "https://registry.yarnpkg.com/minimatch/-/minimatch-3.0.3.tgz#2a4e4090b96b2db06a9d7df01055a62a77c9b774"
  dependencies:
    brace-expansion "^1.0.0"

minimist@0.0.8, minimist@~0.0.1:
  version "0.0.8"
  resolved "https://registry.yarnpkg.com/minimist/-/minimist-0.0.8.tgz#857fcabfc3397d2625b8228262e86aa7a011b05d"

minimist@^1.2.0:
  version "1.2.0"
  resolved "https://registry.yarnpkg.com/minimist/-/minimist-1.2.0.tgz#a35008b20f41383eec1fb914f4cd5df79a264284"

mkdirp@0.3.0:
  version "0.3.0"
  resolved "https://registry.yarnpkg.com/mkdirp/-/mkdirp-0.3.0.tgz#1bbf5ab1ba827af23575143490426455f481fe1e"

mkdirp@0.5.1, mkdirp@^0.5.0:
  version "0.5.1"
  resolved "https://registry.yarnpkg.com/mkdirp/-/mkdirp-0.5.1.tgz#30057438eac6cf7f8c4767f38648d6697d75c903"
  dependencies:
    minimist "0.0.8"

mocha@^2.3.3:
  version "2.5.3"
  resolved "https://registry.yarnpkg.com/mocha/-/mocha-2.5.3.tgz#161be5bdeb496771eb9b35745050b622b5aefc58"
  dependencies:
    commander "2.3.0"
    debug "2.2.0"
    diff "1.4.0"
    escape-string-regexp "1.0.2"
    glob "3.2.11"
    growl "1.9.2"
    jade "0.26.3"
    mkdirp "0.5.1"
    supports-color "1.2.0"
    to-iso-string "0.0.2"

ms@0.7.1:
  version "0.7.1"
  resolved "https://registry.yarnpkg.com/ms/-/ms-0.7.1.tgz#9cd13c03adbff25b65effde7ce864ee952017098"

ms@0.7.2:
  version "0.7.2"
  resolved "https://registry.yarnpkg.com/ms/-/ms-0.7.2.tgz#ae25cf2512b3885a1d95d7f037868d8431124765"

normalize-path@^2.0.1:
  version "2.0.1"
  resolved "https://registry.yarnpkg.com/normalize-path/-/normalize-path-2.0.1.tgz#47886ac1662760d4261b7d979d241709d3ce3f7a"

npm-run-path@^1.0.0:
  version "1.0.0"
  resolved "https://registry.yarnpkg.com/npm-run-path/-/npm-run-path-1.0.0.tgz#f5c32bf595fe81ae927daec52e82f8b000ac3c8f"
  dependencies:
    path-key "^1.0.0"

number-is-nan@^1.0.0:
  version "1.0.1"
  resolved "https://registry.yarnpkg.com/number-is-nan/-/number-is-nan-1.0.1.tgz#097b602b53422a522c1afb8790318336941a011d"

object-assign@^4.0.1, object-assign@^4.1.0:
  version "4.1.1"
  resolved "https://registry.yarnpkg.com/object-assign/-/object-assign-4.1.1.tgz#2109adc7965887cfc05cbbd442cac8bfbb360863"

object.omit@^2.0.0:
  version "2.0.1"
  resolved "https://registry.yarnpkg.com/object.omit/-/object.omit-2.0.1.tgz#1a9c744829f39dbb858c76ca3579ae2a54ebd1fa"
  dependencies:
    for-own "^0.1.4"
    is-extendable "^0.1.1"

once@^1.3.0:
  version "1.4.0"
  resolved "https://registry.yarnpkg.com/once/-/once-1.4.0.tgz#583b1aa775961d4b113ac17d9c50baef9dd76bd1"
  dependencies:
    wrappy "1"

optimist@~0.6.0:
  version "0.6.1"
  resolved "https://registry.yarnpkg.com/optimist/-/optimist-0.6.1.tgz#da3ea74686fa21a19a111c326e90eb15a0196686"
  dependencies:
    minimist "~0.0.1"
    wordwrap "~0.0.2"

os-tmpdir@~1.0.1:
  version "1.0.2"
  resolved "https://registry.yarnpkg.com/os-tmpdir/-/os-tmpdir-1.0.2.tgz#bbe67406c79aa85c5cfec766fe5734555dfa1274"

package-json@^3.0.0:
  version "3.1.0"
  resolved "https://registry.yarnpkg.com/package-json/-/package-json-3.1.0.tgz#ce281900fe8052150cc6709c6c006c18fdb2f379"
  dependencies:
    got "^6.7.1"
    registry-auth-token "^3.0.1"
    registry-url "^3.0.3"
    semver "^5.1.0"

parse-glob@^3.0.4:
  version "3.0.4"
  resolved "https://registry.yarnpkg.com/parse-glob/-/parse-glob-3.0.4.tgz#b2c376cfb11f35513badd173ef0bb6e3a388391c"
  dependencies:
    glob-base "^0.3.0"
    is-dotfile "^1.0.0"
    is-extglob "^1.0.0"
    is-glob "^2.0.0"

path-is-absolute@^1.0.0:
  version "1.0.1"
  resolved "https://registry.yarnpkg.com/path-is-absolute/-/path-is-absolute-1.0.1.tgz#174b9268735534ffbc7ace6bf53a5a9e1b5c5f5f"

path-key@^1.0.0:
  version "1.0.0"
  resolved "https://registry.yarnpkg.com/path-key/-/path-key-1.0.0.tgz#5d53d578019646c0d68800db4e146e6bdc2ac7af"

path-parse@^1.0.5:
  version "1.0.5"
  resolved "https://registry.yarnpkg.com/path-parse/-/path-parse-1.0.5.tgz#3c1adf871ea9cd6c9431b6ea2bd74a0ff055c4c1"

path-posix@^1.0.0:
  version "1.0.0"
  resolved "https://registry.yarnpkg.com/path-posix/-/path-posix-1.0.0.tgz#06b26113f56beab042545a23bfa88003ccac260f"

prepend-http@^1.0.1:
  version "1.0.4"
  resolved "https://registry.yarnpkg.com/prepend-http/-/prepend-http-1.0.4.tgz#d4f4562b0ce3696e41ac52d0e002e57a635dc6dc"

preserve@^0.2.0:
  version "0.2.0"
  resolved "https://registry.yarnpkg.com/preserve/-/preserve-0.2.0.tgz#815ed1f6ebc65926f865b310c0713bcb3315ce4b"

pseudomap@^1.0.1:
  version "1.0.2"
  resolved "https://registry.yarnpkg.com/pseudomap/-/pseudomap-1.0.2.tgz#f052a28da70e618917ef0a8ac34c1ae5a68286b3"

randomatic@^1.1.3:
  version "1.1.6"
  resolved "https://registry.yarnpkg.com/randomatic/-/randomatic-1.1.6.tgz#110dcabff397e9dcff7c0789ccc0a49adf1ec5bb"
  dependencies:
    is-number "^2.0.2"
    kind-of "^3.0.2"

rc@^1.0.1, rc@^1.1.6:
  version "1.1.7"
  resolved "https://registry.yarnpkg.com/rc/-/rc-1.1.7.tgz#c5ea564bb07aff9fd3a5b32e906c1d3a65940fea"
  dependencies:
    deep-extend "~0.4.0"
    ini "~1.3.0"
    minimist "^1.2.0"
    strip-json-comments "~2.0.1"

regex-cache@^0.4.2:
  version "0.4.3"
  resolved "https://registry.yarnpkg.com/regex-cache/-/regex-cache-0.4.3.tgz#9b1a6c35d4d0dfcef5711ae651e8e9d3d7114145"
  dependencies:
    is-equal-shallow "^0.1.3"
    is-primitive "^2.0.0"

registry-auth-token@^3.0.1:
  version "3.1.0"
  resolved "https://registry.yarnpkg.com/registry-auth-token/-/registry-auth-token-3.1.0.tgz#997c08256e0c7999837b90e944db39d8a790276b"
  dependencies:
    rc "^1.1.6"

registry-url@^3.0.3:
  version "3.1.0"
  resolved "https://registry.yarnpkg.com/registry-url/-/registry-url-3.1.0.tgz#3d4ef870f73dde1d77f0cf9a381432444e174942"
  dependencies:
    rc "^1.0.1"

repeat-element@^1.1.2:
  version "1.1.2"
  resolved "https://registry.yarnpkg.com/repeat-element/-/repeat-element-1.1.2.tgz#ef089a178d1483baae4d93eb98b4f9e4e11d990a"

repeat-string@^1.5.2:
  version "1.6.1"
  resolved "https://registry.yarnpkg.com/repeat-string/-/repeat-string-1.6.1.tgz#8dcae470e1c88abc2d600fff4a776286da75e637"

resolve@1.1.7:
  version "1.1.7"
  resolved "https://registry.yarnpkg.com/resolve/-/resolve-1.1.7.tgz#203114d82ad2c5ed9e8e0411b3932875e889e97b"

resolve@^1.1.6, resolve@^1.1.7:
  version "1.3.2"
  resolved "https://registry.yarnpkg.com/resolve/-/resolve-1.3.2.tgz#1f0442c9e0cbb8136e87b9305f932f46c7f28235"
  dependencies:
    path-parse "^1.0.5"

rimraf@^2.2.8, rimraf@^2.4.3:
  version "2.6.1"
  resolved "https://registry.yarnpkg.com/rimraf/-/rimraf-2.6.1.tgz#c2338ec643df7a1b7fe5c54fa86f57428a55f33d"
  dependencies:
    glob "^7.0.5"

rollup-plugin-commonjs@^8.0.2:
  version "8.0.2"
  resolved "https://registry.yarnpkg.com/rollup-plugin-commonjs/-/rollup-plugin-commonjs-8.0.2.tgz#98b1589bfe32a6c0f67790b60c0b499972afed89"
  dependencies:
    acorn "^4.0.1"
    estree-walker "^0.3.0"
    magic-string "^0.19.0"
    resolve "^1.1.7"
    rollup-pluginutils "^2.0.1"

rollup-plugin-node-resolve@^2.0.0:
  version "2.0.0"
  resolved "https://registry.yarnpkg.com/rollup-plugin-node-resolve/-/rollup-plugin-node-resolve-2.0.0.tgz#07e0ae94ac002a3ea36e8f33ca121d9f836b1309"
  dependencies:
    browser-resolve "^1.11.0"
    builtin-modules "^1.1.0"
    resolve "^1.1.6"

rollup-plugin-typescript@^0.8.1:
  version "0.8.1"
  resolved "https://registry.yarnpkg.com/rollup-plugin-typescript/-/rollup-plugin-typescript-0.8.1.tgz#2ff7eecc21cf6bb2b43fc27e5b688952ce71924a"
  dependencies:
    compare-versions "2.0.1"
    object-assign "^4.0.1"
    rollup-pluginutils "^1.3.1"
    tippex "^2.1.1"
    typescript "^1.8.9"

rollup-pluginutils@^1.3.1:
  version "1.5.2"
  resolved "https://registry.yarnpkg.com/rollup-pluginutils/-/rollup-pluginutils-1.5.2.tgz#1e156e778f94b7255bfa1b3d0178be8f5c552408"
  dependencies:
    estree-walker "^0.2.1"
    minimatch "^3.0.2"

rollup-pluginutils@^2.0.1:
  version "2.0.1"
  resolved "https://registry.yarnpkg.com/rollup-pluginutils/-/rollup-pluginutils-2.0.1.tgz#7ec95b3573f6543a46a6461bd9a7c544525d0fc0"
  dependencies:
    estree-walker "^0.3.0"
    micromatch "^2.3.11"

rollup@^0.41.6:
  version "0.41.6"
  resolved "https://registry.yarnpkg.com/rollup/-/rollup-0.41.6.tgz#e0d05497877a398c104d816d2733a718a7a94e2a"
  dependencies:
    source-map-support "^0.4.0"

rsvp@~3.2.1:
  version "3.2.1"
  resolved "https://registry.yarnpkg.com/rsvp/-/rsvp-3.2.1.tgz#07cb4a5df25add9e826ebc67dcc9fd89db27d84a"

safe-buffer@^5.0.1:
  version "5.0.1"
  resolved "https://registry.yarnpkg.com/safe-buffer/-/safe-buffer-5.0.1.tgz#d263ca54696cd8a306b5ca6551e92de57918fbe7"

semver-diff@^2.0.0:
  version "2.1.0"
  resolved "https://registry.yarnpkg.com/semver-diff/-/semver-diff-2.1.0.tgz#4bbb8437c8d37e4b0cf1a68fd726ec6d645d6d36"
  dependencies:
    semver "^5.0.3"

semver@^5.0.3, semver@^5.1.0:
  version "5.3.0"
  resolved "https://registry.yarnpkg.com/semver/-/semver-5.3.0.tgz#9b2ce5d3de02d17c6012ad326aa6b4d0cf54f94f"

sigmund@~1.0.0:
  version "1.0.1"
  resolved "https://registry.yarnpkg.com/sigmund/-/sigmund-1.0.1.tgz#3ff21f198cad2175f9f3b781853fd94d0d19b590"

slide@^1.1.5:
  version "1.1.6"
  resolved "https://registry.yarnpkg.com/slide/-/slide-1.1.6.tgz#56eb027d65b4d2dce6cb2e2d32c4d4afc9e1d707"

source-map-support@^0.4.0:
  version "0.4.14"
  resolved "https://registry.yarnpkg.com/source-map-support/-/source-map-support-0.4.14.tgz#9d4463772598b86271b4f523f6c1f4e02a7d6aef"
  dependencies:
    source-map "^0.5.6"

source-map@^0.5.6:
  version "0.5.6"
  resolved "https://registry.yarnpkg.com/source-map/-/source-map-0.5.6.tgz#75ce38f52bf0733c5a7f0c118d81334a2bb5f412"

string-width@^1.0.1:
  version "1.0.2"
  resolved "https://registry.yarnpkg.com/string-width/-/string-width-1.0.2.tgz#118bdf5b8cdc51a2a7e70d211e07e2b0b9b107d3"
  dependencies:
    code-point-at "^1.0.0"
    is-fullwidth-code-point "^1.0.0"
    strip-ansi "^3.0.0"

string-width@^2.0.0:
  version "2.0.0"
  resolved "https://registry.yarnpkg.com/string-width/-/string-width-2.0.0.tgz#635c5436cc72a6e0c387ceca278d4e2eec52687e"
  dependencies:
    is-fullwidth-code-point "^2.0.0"
    strip-ansi "^3.0.0"

strip-ansi@^3.0.0:
  version "3.0.1"
  resolved "https://registry.yarnpkg.com/strip-ansi/-/strip-ansi-3.0.1.tgz#6a385fb8853d952d5ff05d0e8aaf94278dc63dcf"
  dependencies:
    ansi-regex "^2.0.0"

strip-eof@^1.0.0:
  version "1.0.0"
  resolved "https://registry.yarnpkg.com/strip-eof/-/strip-eof-1.0.0.tgz#bb43ff5598a6eb05d89b59fcd129c983313606bf"

strip-json-comments@~2.0.1:
  version "2.0.1"
  resolved "https://registry.yarnpkg.com/strip-json-comments/-/strip-json-comments-2.0.1.tgz#3c531942e908c2697c0ec344858c286c7ca0a60a"

supports-color@1.2.0:
  version "1.2.0"
  resolved "https://registry.yarnpkg.com/supports-color/-/supports-color-1.2.0.tgz#ff1ed1e61169d06b3cf2d588e188b18d8847e17e"

supports-color@^2.0.0:
  version "2.0.0"
  resolved "https://registry.yarnpkg.com/supports-color/-/supports-color-2.0.0.tgz#535d045ce6b6363fa40117084629995e9df324c7"

symlink-or-copy@^1.0.0, symlink-or-copy@^1.1.8:
  version "1.1.8"
  resolved "https://registry.yarnpkg.com/symlink-or-copy/-/symlink-or-copy-1.1.8.tgz#cabe61e0010c1c023c173b25ee5108b37f4b4aa3"

term-size@^0.1.0:
  version "0.1.1"
  resolved "https://registry.yarnpkg.com/term-size/-/term-size-0.1.1.tgz#87360b96396cab5760963714cda0d0cbeecad9ca"
  dependencies:
    execa "^0.4.0"

timed-out@^4.0.0:
  version "4.0.1"
  resolved "https://registry.yarnpkg.com/timed-out/-/timed-out-4.0.1.tgz#f32eacac5a175bea25d7fab565ab3ed8741ef56f"

tippex@^2.1.1:
  version "2.3.1"
  resolved "https://registry.yarnpkg.com/tippex/-/tippex-2.3.1.tgz#a2fd5b7087d7cbfb20c9806a6c16108c2c0fafda"

tmp@0.0.28:
  version "0.0.28"
  resolved "https://registry.yarnpkg.com/tmp/-/tmp-0.0.28.tgz#172735b7f614ea7af39664fa84cf0de4e515d120"
  dependencies:
    os-tmpdir "~1.0.1"

to-iso-string@0.0.2:
  version "0.0.2"
  resolved "https://registry.yarnpkg.com/to-iso-string/-/to-iso-string-0.0.2.tgz#4dc19e664dfccbe25bd8db508b00c6da158255d1"

tslint@^4.5.1:
  version "4.5.1"
  resolved "https://registry.yarnpkg.com/tslint/-/tslint-4.5.1.tgz#05356871bef23a434906734006fc188336ba824b"
  dependencies:
    babel-code-frame "^6.20.0"
    colors "^1.1.2"
    diff "^3.0.1"
    findup-sync "~0.3.0"
    glob "^7.1.1"
    optimist "~0.6.0"
    resolve "^1.1.7"
    tsutils "^1.1.0"
    update-notifier "^2.0.0"

tsutils@^1.1.0:
  version "1.4.0"
  resolved "https://registry.yarnpkg.com/tsutils/-/tsutils-1.4.0.tgz#84f8a83df9967d35bf1ff3aa48c7339593d64e19"

type-detect@0.1.1:
  version "0.1.1"
  resolved "https://registry.yarnpkg.com/type-detect/-/type-detect-0.1.1.tgz#0ba5ec2a885640e470ea4e8505971900dac58822"

type-detect@^1.0.0:
  version "1.0.0"
  resolved "https://registry.yarnpkg.com/type-detect/-/type-detect-1.0.0.tgz#762217cc06db258ec48908a1298e8b95121e8ea2"

typescript@^1.8.9:
  version "1.8.10"
  resolved "https://registry.yarnpkg.com/typescript/-/typescript-1.8.10.tgz#b475d6e0dff0bf50f296e5ca6ef9fbb5c7320f1e"

typescript@^2.2.1:
  version "2.2.1"
  resolved "https://registry.yarnpkg.com/typescript/-/typescript-2.2.1.tgz#4862b662b988a4c8ff691cc7969622d24db76ae9"

unique-string@^1.0.0:
  version "1.0.0"
  resolved "https://registry.yarnpkg.com/unique-string/-/unique-string-1.0.0.tgz#9e1057cca851abb93398f8b33ae187b99caec11a"
  dependencies:
    crypto-random-string "^1.0.0"

unzip-response@^2.0.1:
  version "2.0.1"
  resolved "https://registry.yarnpkg.com/unzip-response/-/unzip-response-2.0.1.tgz#d2f0f737d16b0615e72a6935ed04214572d56f97"

update-notifier@^2.0.0:
  version "2.1.0"
  resolved "https://registry.yarnpkg.com/update-notifier/-/update-notifier-2.1.0.tgz#ec0c1e53536b76647a24b77cb83966d9315123d9"
  dependencies:
    boxen "^1.0.0"
    chalk "^1.0.0"
    configstore "^3.0.0"
    is-npm "^1.0.0"
    latest-version "^3.0.0"
    lazy-req "^2.0.0"
    semver-diff "^2.0.0"
    xdg-basedir "^3.0.0"

url-parse-lax@^1.0.0:
  version "1.0.0"
  resolved "https://registry.yarnpkg.com/url-parse-lax/-/url-parse-lax-1.0.0.tgz#7af8f303645e9bd79a272e7a14ac68bc0609da73"
  dependencies:
    prepend-http "^1.0.1"

vlq@^0.2.1:
  version "0.2.1"
  resolved "https://registry.yarnpkg.com/vlq/-/vlq-0.2.1.tgz#14439d711891e682535467f8587c5630e4222a6c"

which@^1.2.8:
  version "1.2.12"
  resolved "https://registry.yarnpkg.com/which/-/which-1.2.12.tgz#de67b5e450269f194909ef23ece4ebe416fa1192"
  dependencies:
    isexe "^1.1.1"

widest-line@^1.0.0:
  version "1.0.0"
  resolved "https://registry.yarnpkg.com/widest-line/-/widest-line-1.0.0.tgz#0c09c85c2a94683d0d7eaf8ee097d564bf0e105c"
  dependencies:
    string-width "^1.0.1"

wordwrap@~0.0.2:
  version "0.0.3"
  resolved "https://registry.yarnpkg.com/wordwrap/-/wordwrap-0.0.3.tgz#a3d5da6cd5c0bc0008d37234bbaf1bed63059107"

wrappy@1:
  version "1.0.2"
  resolved "https://registry.yarnpkg.com/wrappy/-/wrappy-1.0.2.tgz#b5243d8f3ec1aa35f1364605bc0d1036e30ab69f"

write-file-atomic@^1.1.2:
  version "1.3.1"
  resolved "https://registry.yarnpkg.com/write-file-atomic/-/write-file-atomic-1.3.1.tgz#7d45ba32316328dd1ec7d90f60ebc0d845bb759a"
  dependencies:
    graceful-fs "^4.1.11"
    imurmurhash "^0.1.4"
    slide "^1.1.5"

xdg-basedir@^3.0.0:
  version "3.0.0"
  resolved "https://registry.yarnpkg.com/xdg-basedir/-/xdg-basedir-3.0.0.tgz#496b2cc109eca8dbacfe2dc72b603c17c5870ad4"

yallist@^2.0.0:
  version "2.1.2"
  resolved "https://registry.yarnpkg.com/yallist/-/yallist-2.1.2.tgz#1c11f9218f076089a47dd512f93c6699a6a81d52"
